
Microsoft Visual Studio Solution File, Format Version 12.00
# Visual Studio Version 17
VisualStudioVersion = 17.2.32616.157
MinimumVisualStudioVersion = 10.0.40219.1
Project("{FAE04EC0-301F-11D3-BF4B-00C04F79EFBC}") = "FIleRncryptor.WPF", "FIleRncryptor.WPF\FIleRncryptor.WPF.csproj", "{F0D5C571-032A-48E3-82A2-91899A9C1291}"
EndProject
Global
	GlobalSection(SolutionConfigurationPlatforms) = preSolution
		Debug|Any CPU = Debug|Any CPU
		Release|Any CPU = Release|Any CPU
	EndGlobalSection
	GlobalSection(ProjectConfigurationPlatforms) = postSolution
		{F0D5C571-032A-48E3-82A2-91899A9C1291}.Debug|Any CPU.ActiveCfg = Debug|Any CPU
		{F0D5C571-032A-48E3-82A2-91899A9C1291}.Debug|Any CPU.Build.0 = Debug|Any CPU
		{F0D5C571-032A-48E3-82A2-91899A9C1291}.Release|Any CPU.ActiveCfg = Release|Any CPU
		{F0D5C571-032A-48E3-82A2-91899A9C1291}.Release|Any CPU.Build.0 = Release|Any CPU
	EndGlobalSection
	GlobalSection(SolutionProperties) = preSolution
		HideSolutionNode = FALSE
	EndGlobalSection
	GlobalSection(ExtensibilityGlobals) = postSolution
		SolutionGuid = {5269A447-E739-4871-B681-103309014459}
	EndGlobalSection
EndGlobal
